
Microsoft Visual Studio Solution File, Format Version 12.00
# Visual Studio 15
VisualStudioVersion = 15.0.28307.960
MinimumVisualStudioVersion = 10.0.40219.1
Project("{9A19103F-16F7-4668-BE54-9A1E7A4F7556}") = "EventWorld.Data", "EventWorld.Data\EventWorld.Data.csproj", "{B6CEE02B-3424-4ECC-8274-D4AD21B05784}"
EndProject
Project("{9A19103F-16F7-4668-BE54-9A1E7A4F7556}") = "EventWorld.Services", "EventWorld.Services\EventWorld.Services.csproj", "{10EE3A0F-8CB2-4ABD-809B-940A4CEC377A}"
EndProject
Project("{9A19103F-16F7-4668-BE54-9A1E7A4F7556}") = "EventWorld.DTO", "EventWorld.DTO\EventWorld.DTO.csproj", "{92F55F31-5DC7-4A81-BB3B-CC090A42D0B6}"
EndProject
Project("{FAE04EC0-301F-11D3-BF4B-00C04F79EFBC}") = "EventWorld.Web", "EventWorld.Web\EventWorld.Web.csproj", "{0E41C692-C3E8-4B1E-8707-2BB9FC767DA9}"
EndProject
Global
	GlobalSection(SolutionConfigurationPlatforms) = preSolution
		Debug|Any CPU = Debug|Any CPU
		Release|Any CPU = Release|Any CPU
	EndGlobalSection
	GlobalSection(ProjectConfigurationPlatforms) = postSolution
		{B6CEE02B-3424-4ECC-8274-D4AD21B05784}.Debug|Any CPU.ActiveCfg = Debug|Any CPU
		{B6CEE02B-3424-4ECC-8274-D4AD21B05784}.Debug|Any CPU.Build.0 = Debug|Any CPU
		{B6CEE02B-3424-4ECC-8274-D4AD21B05784}.Release|Any CPU.ActiveCfg = Release|Any CPU
		{B6CEE02B-3424-4ECC-8274-D4AD21B05784}.Release|Any CPU.Build.0 = Release|Any CPU
		{10EE3A0F-8CB2-4ABD-809B-940A4CEC377A}.Debug|Any CPU.ActiveCfg = Debug|Any CPU
		{10EE3A0F-8CB2-4ABD-809B-940A4CEC377A}.Debug|Any CPU.Build.0 = Debug|Any CPU
		{10EE3A0F-8CB2-4ABD-809B-940A4CEC377A}.Release|Any CPU.ActiveCfg = Release|Any CPU
		{10EE3A0F-8CB2-4ABD-809B-940A4CEC377A}.Release|Any CPU.Build.0 = Release|Any CPU
		{92F55F31-5DC7-4A81-BB3B-CC090A42D0B6}.Debug|Any CPU.ActiveCfg = Debug|Any CPU
		{92F55F31-5DC7-4A81-BB3B-CC090A42D0B6}.Debug|Any CPU.Build.0 = Debug|Any CPU
		{92F55F31-5DC7-4A81-BB3B-CC090A42D0B6}.Release|Any CPU.ActiveCfg = Release|Any CPU
		{92F55F31-5DC7-4A81-BB3B-CC090A42D0B6}.Release|Any CPU.Build.0 = Release|Any CPU
		{0E41C692-C3E8-4B1E-8707-2BB9FC767DA9}.Debug|Any CPU.ActiveCfg = Debug|Any CPU
		{0E41C692-C3E8-4B1E-8707-2BB9FC767DA9}.Debug|Any CPU.Build.0 = Debug|Any CPU
		{0E41C692-C3E8-4B1E-8707-2BB9FC767DA9}.Release|Any CPU.ActiveCfg = Release|Any CPU
		{0E41C692-C3E8-4B1E-8707-2BB9FC767DA9}.Release|Any CPU.Build.0 = Release|Any CPU
	EndGlobalSection
	GlobalSection(SolutionProperties) = preSolution
		HideSolutionNode = FALSE
	EndGlobalSection
	GlobalSection(ExtensibilityGlobals) = postSolution
		SolutionGuid = {C5162B51-42A3-478F-A125-ED4554285408}
	EndGlobalSection
EndGlobal
